{
  "version": "5",
  "redirects": {
    "https://esm.sh/@octokit/endpoint@^11.0.0?target=denonext": "https://esm.sh/@octokit/endpoint@11.0.0?target=denonext",
    "https://esm.sh/@octokit/graphql": "https://esm.sh/@octokit/graphql@9.0.1",
    "https://esm.sh/@octokit/request-error@^7.0.0?target=denonext": "https://esm.sh/@octokit/request-error@7.0.0?target=denonext",
    "https://esm.sh/@octokit/request@^10.0.2?target=denonext": "https://esm.sh/@octokit/request@10.0.3?target=denonext",
    "https://esm.sh/fast-content-type-parse@^3.0.0?target=denonext": "https://esm.sh/fast-content-type-parse@3.0.0?target=denonext",
    "https://esm.sh/universal-user-agent@^7.0.0?target=denonext": "https://esm.sh/universal-user-agent@7.0.3?target=denonext",
    "https://esm.sh/universal-user-agent@^7.0.2?target=denonext": "https://esm.sh/universal-user-agent@7.0.3?target=denonext"
  },
  "remote": {
    "https://esm.sh/@octokit/endpoint@11.0.0/denonext/endpoint.mjs": "674f532ca2746ac3bb89f6b0d9f957b0bd0e34360f60ad8591e339ba2d03155f",
    "https://esm.sh/@octokit/endpoint@11.0.0?target=denonext": "4fb5b0b5bc94246246b9de2a1b1735542e24950c86474d9f0dbd94ad3b467e40",
    "https://esm.sh/@octokit/graphql@9.0.1": "56959da590a4bfbf4e0635ae987905b2f0d1bff327b9775af22063702b985fcc",
    "https://esm.sh/@octokit/graphql@9.0.1/denonext/graphql.mjs": "0f4092b6469b8bf281a8819ec770f5a6e57d6252d7993922c30e3b45a40ad52d",
    "https://esm.sh/@octokit/request-error@7.0.0/denonext/request-error.mjs": "0268a63037bf2fca8adc84fb604e9506d54484212353fb6743f10b7c8ed42444",
    "https://esm.sh/@octokit/request-error@7.0.0?target=denonext": "48b9bf574d9f647205b1d6c2df58c5f9356fe818c8da470c84edea3fd89f1ef7",
    "https://esm.sh/@octokit/request@10.0.3/denonext/request.mjs": "d885bea5bbe2f0e521c31bfac964ed86f90c03c177163f37d915663b9008c500",
    "https://esm.sh/@octokit/request@10.0.3?target=denonext": "8335c85bb040bb22f01f89529eb1e8067fb6e7b4fdc84d572309255f660a69be",
    "https://esm.sh/fast-content-type-parse@3.0.0/denonext/fast-content-type-parse.mjs": "e2988912b33fdaacf282c193bfb39ff0739cdaa3e9dbcf15e9fda4d5221033d0",
    "https://esm.sh/fast-content-type-parse@3.0.0?target=denonext": "d3c0ad21dadee727b7226fbac0685c3b9373705b8f8ac05d1d0f13e07506c8a8",
    "https://esm.sh/universal-user-agent@7.0.3/denonext/universal-user-agent.mjs": "021090b5f3bb060b1b0364cb79daa2cc3760db58a023cd8892a098e6256a84c4",
    "https://esm.sh/universal-user-agent@7.0.3?target=denonext": "78cc32318bbfe205823697bc1fcec2e9a15a435cca022aaeb93024a61e106224"
  }
}
